PODS:
  - Flutter (1.0.0)
  - flutter_wifi (0.0.1):
    - Flutter

DEPENDENCIES:
  - Flutter (from `.symlinks/flutter/ios`)
  - flutter_wifi (from `.symlinks/plugins/flutter_wifi/ios`)

EXTERNAL SOURCES:
  Flutter:
    :path: ".symlinks/flutter/ios"
  flutter_wifi:
    :path: ".symlinks/plugins/flutter_wifi/ios"

SPEC CHECKSUMS:
  Flutter: 58dd7d1b27887414a370fcccb9e645c08ffd7a6a
  flutter_wifi: 60ab50bbd89b7e0acba1e388cc25de01a1a2390c

PODFILE CHECKSUM: ebd43b443038e611b86ede96e613bd6033c49497

COCOAPODS: 1.6.1
